
Microsoft Visual Studio Solution File, Format Version 12.00
Project("{FAE04EC0-301F-11D3-BF4B-00C04F79EFBC}") = "OdinEye", "src\OdinEye\OdinEye.csproj", "{6BC0320E-49F2-4A19-BE85-E909D6852C1C}"
EndProject
Project("{FAE04EC0-301F-11D3-BF4B-00C04F79EFBC}") = "OdinEye.Models", "src\OdinEye.Models\OdinEye.Models.csproj", "{0C64B257-49E8-4202-BB95-035170EAF5EC}"
EndProject
Project("{FAE04EC0-301F-11D3-BF4B-00C04F79EFBC}") = "OdinEye.Client", "src\OdinEye.Client\OdinEye.Client.csproj", "{9A2D6F3B-8C1E-4F5A-B0D7-3E2C1A9B6D4F}"
EndProject
Project("{FAE04EC0-301F-11D3-BF4B-00C04F79EFBC}") = "OdinEye.Client.Tests", "src\OdinEye.Client.Tests\OdinEye.Client.Tests.csproj", "{4B7E1C9A-2D5F-4E3B-9A8C-6F1D0E2B3C4A}"
EndProject
Project("{FAE04EC0-301F-11D3-BF4B-00C04F79EFBC}") = "OdinEye.Tests", "src\OdinEye.Tests\OdinEye.Tests.csproj", "{B066E3BC-4011-4A34-AE0C-559EC04CEAC5}"
EndProject
Global
	GlobalSection(SolutionConfigurationPlatforms) = preSolution
		Debug|Any CPU = Debug|Any CPU
		Release|Any CPU = Release|Any CPU
	EndGlobalSection
	GlobalSection(ProjectConfigurationPlatforms) = postSolution
		{6BC0320E-49F2-4A19-BE85-E909D6852C1C}.Debug|Any CPU.ActiveCfg = Debug|Any CPU
		{6BC0320E-49F2-4A19-BE85-E909D6852C1C}.Debug|Any CPU.Build.0 = Debug|Any CPU
		{6BC0320E-49F2-4A19-BE85-E909D6852C1C}.Release|Any CPU.ActiveCfg = Release|Any CPU
		{6BC0320E-49F2-4A19-BE85-E909D6852C1C}.Release|Any CPU.Build.0 = Release|Any CPU
		{0C64B257-49E8-4202-BB95-035170EAF5EC}.Debug|Any CPU.ActiveCfg = Debug|Any CPU
		{0C64B257-49E8-4202-BB95-035170EAF5EC}.Debug|Any CPU.Build.0 = Debug|Any CPU
		{0C64B257-49E8-4202-BB95-035170EAF5EC}.Release|Any CPU.ActiveCfg = Release|Any CPU
		{0C64B257-49E8-4202-BB95-035170EAF5EC}.Release|Any CPU.Build.0 = Release|Any CPU
		{9A2D6F3B-8C1E-4F5A-B0D7-3E2C1A9B6D4F}.Debug|Any CPU.ActiveCfg = Debug|Any CPU
		{9A2D6F3B-8C1E-4F5A-B0D7-3E2C1A9B6D4F}.Debug|Any CPU.Build.0 = Debug|Any CPU
		{9A2D6F3B-8C1E-4F5A-B0D7-3E2C1A9B6D4F}.Release|Any CPU.ActiveCfg = Release|Any CPU
		{9A2D6F3B-8C1E-4F5A-B0D7-3E2C1A9B6D4F}.Release|Any CPU.Build.0 = Release|Any CPU
		{4B7E1C9A-2D5F-4E3B-9A8C-6F1D0E2B3C4A}.Debug|Any CPU.ActiveCfg = Debug|Any CPU
		{4B7E1C9A-2D5F-4E3B-9A8C-6F1D0E2B3C4A}.Debug|Any CPU.Build.0 = Debug|Any CPU
		{4B7E1C9A-2D5F-4E3B-9A8C-6F1D0E2B3C4A}.Release|Any CPU.ActiveCfg = Release|Any CPU
		{4B7E1C9A-2D5F-4E3B-9A8C-6F1D0E2B3C4A}.Release|Any CPU.Build.0 = Release|Any CPU
		{B066E3BC-4011-4A34-AE0C-559EC04CEAC5}.Debug|Any CPU.ActiveCfg = Debug|Any CPU
		{B066E3BC-4011-4A34-AE0C-559EC04CEAC5}.Debug|Any CPU.Build.0 = Debug|Any CPU
		{B066E3BC-4011-4A34-AE0C-559EC04CEAC5}.Release|Any CPU.ActiveCfg = Release|Any CPU
		{B066E3BC-4011-4A34-AE0C-559EC04CEAC5}.Release|Any CPU.Build.0 = Release|Any CPU
	EndGlobalSection
EndGlobal
